{
  "object": {
    "pins": [
      {
        "package": "idd-log4-swift",
        "repositoryURL": "https://github.com/kdeda/idd-log4-swift.git",
        "state": {
          "branch": null,
          "revision": "377fbfbd60cd2554a25bc822e0015bdb1d99bcae",
          "version": "1.2.1"
        }
      }
    ]
  },
  "version": 1
}
